
Microsoft Visual Studio Solution File, Format Version 12.00
# Visual Studio Version 16
VisualStudioVersion = 16.0.31205.134
MinimumVisualStudioVersion = 10.0.40219.1
Project("{9A19103F-16F7-4668-BE54-9A1E7A4F7556}") = "Film.WebApi", "Film.WebApi\Film.WebApi.csproj", "{AF140CBA-42C0-449B-BA8A-6EB3D64693EA}"
EndProject
Project("{9A19103F-16F7-4668-BE54-9A1E7A4F7556}") = "Film.Entity", "Film.Entity\Film.Entity.csproj", "{8859E503-BC92-4622-B9C7-342A06A2E014}"
EndProject
Project("{9A19103F-16F7-4668-BE54-9A1E7A4F7556}") = "Film.Business", "Film.Business\Film.Business.csproj", "{2D94C2F8-B234-41B4-969D-BB220FDB3710}"
EndProject
Global
	GlobalSection(SolutionConfigurationPlatforms) = preSolution
		Debug|Any CPU = Debug|Any CPU
		Release|Any CPU = Release|Any CPU
	EndGlobalSection
	GlobalSection(ProjectConfigurationPlatforms) = postSolution
		{AF140CBA-42C0-449B-BA8A-6EB3D64693EA}.Debug|Any CPU.ActiveCfg = Debug|Any CPU
		{AF140CBA-42C0-449B-BA8A-6EB3D64693EA}.Debug|Any CPU.Build.0 = Debug|Any CPU
		{AF140CBA-42C0-449B-BA8A-6EB3D64693EA}.Release|Any CPU.ActiveCfg = Release|Any CPU
		{AF140CBA-42C0-449B-BA8A-6EB3D64693EA}.Release|Any CPU.Build.0 = Release|Any CPU
		{8859E503-BC92-4622-B9C7-342A06A2E014}.Debug|Any CPU.ActiveCfg = Debug|Any CPU
		{8859E503-BC92-4622-B9C7-342A06A2E014}.Debug|Any CPU.Build.0 = Debug|Any CPU
		{8859E503-BC92-4622-B9C7-342A06A2E014}.Release|Any CPU.ActiveCfg = Release|Any CPU
		{8859E503-BC92-4622-B9C7-342A06A2E014}.Release|Any CPU.Build.0 = Release|Any CPU
		{2D94C2F8-B234-41B4-969D-BB220FDB3710}.Debug|Any CPU.ActiveCfg = Debug|Any CPU
		{2D94C2F8-B234-41B4-969D-BB220FDB3710}.Debug|Any CPU.Build.0 = Debug|Any CPU
		{2D94C2F8-B234-41B4-969D-BB220FDB3710}.Release|Any CPU.ActiveCfg = Release|Any CPU
		{2D94C2F8-B234-41B4-969D-BB220FDB3710}.Release|Any CPU.Build.0 = Release|Any CPU
	EndGlobalSection
	GlobalSection(SolutionProperties) = preSolution
		HideSolutionNode = FALSE
	EndGlobalSection
	GlobalSection(ExtensibilityGlobals) = postSolution
		SolutionGuid = {0536759C-7ABD-4913-8286-23AD4E06EBCE}
	EndGlobalSection
EndGlobal
